
Microsoft Visual Studio Solution File, Format Version 12.00
Project("{FAE04EC0-301F-11D3-BF4B-00C04F79EFBC}") = "car-simulation-console", "car-simulation-console\car-simulation-console.csproj", "{E8CD7CCB-D863-4286-A57A-37C01F47A46B}"
EndProject
Project("{FAE04EC0-301F-11D3-BF4B-00C04F79EFBC}") = "car-simulation-console.test", "car-simulation-console.test\car-simulation-console.test.csproj", "{E3DE0DEB-C83B-417C-846E-60149AE0D6C4}"
EndProject
Global
	GlobalSection(SolutionConfigurationPlatforms) = preSolution
		Debug|Any CPU = Debug|Any CPU
		Release|Any CPU = Release|Any CPU
	EndGlobalSection
	GlobalSection(ProjectConfigurationPlatforms) = postSolution
		{E8CD7CCB-D863-4286-A57A-37C01F47A46B}.Debug|Any CPU.ActiveCfg = Debug|Any CPU
		{E8CD7CCB-D863-4286-A57A-37C01F47A46B}.Debug|Any CPU.Build.0 = Debug|Any CPU
		{E8CD7CCB-D863-4286-A57A-37C01F47A46B}.Release|Any CPU.ActiveCfg = Release|Any CPU
		{E8CD7CCB-D863-4286-A57A-37C01F47A46B}.Release|Any CPU.Build.0 = Release|Any CPU
		{E3DE0DEB-C83B-417C-846E-60149AE0D6C4}.Debug|Any CPU.ActiveCfg = Debug|Any CPU
		{E3DE0DEB-C83B-417C-846E-60149AE0D6C4}.Debug|Any CPU.Build.0 = Debug|Any CPU
		{E3DE0DEB-C83B-417C-846E-60149AE0D6C4}.Release|Any CPU.ActiveCfg = Release|Any CPU
		{E3DE0DEB-C83B-417C-846E-60149AE0D6C4}.Release|Any CPU.Build.0 = Release|Any CPU
	EndGlobalSection
EndGlobal
